// !$*UTF8*$!
{
	archiveVersion = 1;
	classes = {
	};
	objectVersion = 48;
	objects = {

/* Begin PBXBuildFile section */
		FD76FBBE1F981187006725FC /* AppDelegate.swift in Sources */ = {isa = PBXBuildFile; fileRef = FD76FBBD1F981187006725FC /* AppDelegate.swift */; };
		FD76FBC01F981187006725FC /* ViewController.swift in Sources */ = {isa = PBXBuildFile; fileRef = FD76FBBF1F981187006725FC /* ViewController.swift */; };
		FD76FBC31F981188006725FC /* Main.storyboard in Resources */ = {isa = PBXBuildFile; fileRef = FD76FBC11F981188006725FC /* Main.storyboard */; };
		FD76FBC51F981188006725FC /* Assets.xcassets in Resources */ = {isa = PBXBuildFile; fileRef = FD76FBC41F981188006725FC /* Assets.xcassets */; };
		FD76FBC81F981188006725FC /* LaunchScreen.storyboard in Resources */ = {isa = PBXBuildFile; fileRef = FD76FBC61F981188006725FC /* LaunchScreen.storyboard */; };
		FD76FBD31F981188006725FC /* testappTests.swift in Sources */ = {isa = PBXBuildFile; fileRef = FD76FBD21F981188006725FC /* testappTests.swift */; };
		FD76FBDE1F981188006725FC /* testappUITests.swift in Sources */ = {isa = PBXBuildFile; fileRef = FD76FBDD1F981188006725FC /* testappUITests.swift */; };
/* End PBXBuildFile section */

/* Begin PBXContainerItemProxy section */
		FD76FBCF1F981188006725FC /* PBXContainerItemProxy */ = {
			isa = PBXContainerItemProxy;
			containerPortal = FD76FBB21F981187006725FC /* Project object */;
			proxyType = 1;
			remoteGlobalIDString = FD76FBB91F981187006725FC;
			remoteInfo = testapp;
		};
		FD76FBDA1F981188006725FC /* PBXContainerItemProxy */ = {
			isa = PBXContainerItemProxy;
			containerPortal = FD76FBB21F981187006725FC /* Project object */;
			proxyType = 1;
			remoteGlobalIDString = FD76FBB91F981187006725FC;
			remoteInfo = testapp;
		};
/* End PBXContainerItemProxy section */

/* Begin PBXFileReference section */
		FD76FBBA1F981187006725FC /* testapp.app */ = {isa = PBXFileReference; explicitFileType = wrapper.application; includeInIndex = 0; path = testapp.app; sourceTree = BUILT_PRODUCTS_DIR; };
		FD76FBBD1F981187006725FC /* AppDelegate.swift */ = {isa = PBXFileReference; lastKnownFileType = sourcecode.swift; path = AppDelegate.swift; sourceTree = "<group>"; };
		FD76FBBF1F981187006725FC /* ViewController.swift */ = {isa = PBXFileReference; lastKnownFileType = sourcecode.swift; path = ViewController.swift; sourceTree = "<group>"; };
		FD76FBC21F981188006725FC /* Base */ = {isa = PBXFileReference; lastKnownFileType = file.storyboard; name = Base; path = Base.lproj/Main.storyboard; sourceTree = "<group>"; };
		FD76FBC41F981188006725FC /* Assets.xcassets */ = {isa = PBXFileReference; lastKnownFileType = folder.assetcatalog; path = Assets.xcassets; sourceTree = "<group>"; };
		FD76FBC71F981188006725FC /* Base */ = {isa = PBXFileReference; lastKnownFileType = file.storyboard; name = Base; path = Base.lproj/LaunchScreen.storyboard; sourceTree = "<group>"; };
		FD76FBC91F981188006725FC /* Info.plist */ = {isa = PBXFileReference; lastKnownFileType = text.plist.xml; path = Info.plist; sourceTree = "<group>"; };
		FD76FBCE1F981188006725FC /* testappTests.xctest */ = {isa = PBXFileReference; explicitFileType = wrapper.cfbundle; includeInIndex = 0; path = testappTests.xctest; sourceTree = BUILT_PRODUCTS_DIR; };
		FD76FBD21F981188006725FC /* testappTests.swift */ = {isa = PBXFileReference; lastKnownFileType = sourcecode.swift; path = testappTests.swift; sourceTree = "<group>"; };
		FD76FBD41F981188006725FC /* Info.plist */ = {isa = PBXFileReference; lastKnownFileType = text.plist.xml; path = Info.plist; sourceTree = "<group>"; };
		FD76FBD91F981188006725FC /* testappUITests.xctest */ = {isa = PBXFileReference; explicitFileType = wrapper.cfbundle; includeInIndex = 0; path = testappUITests.xctest; sourceTree = BUILT_PRODUCTS_DIR; };
		FD76FBDD1F981188006725FC /* testappUITests.swift */ = {isa = PBXFileReference; lastKnownFileType = sourcecode.swift; path = testappUITests.swift; sourceTree = "<group>"; };
		FD76FBDF1F981188006725FC /* Info.plist */ = {isa = PBXFileReference; lastKnownFileType = text.plist.xml; path = Info.plist; sourceTree = "<group>"; };
/* End PBXFileReference section */

/* Begin PBXFrameworksBuildPhase section */
		FD76FBB71F981187006725FC /* Frameworks */ = {
			isa = PBXFrameworksBuildPhase;
			buildActionMask = 2147483647;
			files = (
			);
			runOnlyForDeploymentPostprocessing = 0;
		};
		FD76FBCB1F981188006725FC /* Frameworks */ = {
			isa = PBXFrameworksBuildPhase;
			buildActionMask = 2147483647;
			files = (
			);
			runOnlyForDeploymentPostprocessing = 0;
		};
		FD76FBD61F981188006725FC /* Frameworks */ = {
			isa = PBXFrameworksBuildPhase;
			buildActionMask = 2147483647;
			files = (
			);
			runOnlyForDeploymentPostprocessing = 0;
		};
/* End PBXFrameworksBuildPhase section */

/* Begin PBXGroup section */
		FD76FBB11F981187006725FC = {
			isa = PBXGroup;
			children = (
				FD76FBBC1F981187006725FC /* testapp */,
				FD76FBD11F981188006725FC /* testappTests */,
				FD76FBDC1F981188006725FC /* testappUITests */,
				FD76FBBB1F981187006725FC /* Products */,
			);
			sourceTree = "<group>";
		};
		FD76FBBB1F981187006725FC /* Products */ = {
			isa = PBXGroup;
			children = (
				FD76FBBA1F981187006725FC /* testapp.app */,
				FD76FBCE1F981188006725FC /* testappTests.xctest */,
				FD76FBD91F981188006725FC /* testappUITests.xctest */,
			);
			name = Products;
			sourceTree = "<group>";
		};
		FD76FBBC1F981187006725FC /* testapp */ = {
			isa = PBXGroup;
			children = (
				FD76FBBD1F981187006725FC /* AppDelegate.swift */,
				FD76FBBF1F981187006725FC /* ViewController.swift */,
				FD76FBC11F981188006725FC /* Main.storyboard */,
				FD76FBC41F981188006725FC /* Assets.xcassets */,
				FD76FBC61F981188006725FC /* LaunchScreen.storyboard */,
				FD76FBC91F981188006725FC /* Info.plist */,
			);
			path = testapp;
			sourceTree = "<group>";
		};
		FD76FBD11F981188006725FC /* testappTests */ = {
			isa = PBXGroup;
			children = (
				FD76FBD21F981188006725FC /* testappTests.swift */,
				FD76FBD41F981188006725FC /* Info.plist */,
			);
			path = testappTests;
			sourceTree = "<group>";
		};
		FD76FBDC1F981188006725FC /* testappUITests */ = {
			isa = PBXGroup;
			children = (
				FD76FBDD1F981188006725FC /* testappUITests.swift */,
				FD76FBDF1F981188006725FC /* Info.plist */,
			);
			path = testappUITests;
			sourceTree = "<group>";
		};
/* End PBXGroup section */

/* Begin PBXNativeTarget section */
		FD76FBB91F981187006725FC /* testapp */ = {
			isa = PBXNativeTarget;
			buildConfigurationList = FD76FBE21F981188006725FC /* Build configuration list for PBXNativeTarget "testapp" */;
			buildPhases = (
				FD76FBB61F981187006725FC /* Sources */,
				FD76FBB71F981187006725FC /* Frameworks */,
				FD76FBB81F981187006725FC /* Resources */,
			);
			buildRules = (
			);
			dependencies = (
			);
			name = testapp;
			productName = testapp;
			productReference = FD76FBBA1F981187006725FC /* testapp.app */;
			productType = "com.apple.product-type.application";
		};
		FD76FBCD1F981188006725FC /* testappTests */ = {
			isa = PBXNativeTarget;
			buildConfigurationList = FD76FBE51F981188006725FC /* Build configuration list for PBXNativeTarget "testappTests" */;
			buildPhases = (
				FD76FBCA1F981188006725FC /* Sources */,
				FD76FBCB1F981188006725FC /* Frameworks */,
				FD76FBCC1F981188006725FC /* Resources */,
			);
			buildRules = (
			);
			dependencies = (
				FD76FBD01F981188006725FC /* PBXTargetDependency */,
			);
			name = testappTests;
			productName = testappTests;
			productReference = FD76FBCE1F981188006725FC /* testappTests.xctest */;
			productType = "com.apple.product-type.bundle.unit-test";
		};
		FD76FBD81F981188006725FC /* testappUITests */ = {
			isa = PBXNativeTarget;
			buildConfigurationList = FD76FBE81F981188006725FC /* Build configuration list for PBXNativeTarget "testappUITests" */;
			buildPhases = (
				FD76FBD51F981188006725FC /* Sources */,
				FD76FBD61F981188006725FC /* Frameworks */,
				FD76FBD71F981188006725FC /* Resources */,
			);
			buildRules = (
			);
			dependencies = (
				FD76FBDB1F981188006725FC /* PBXTargetDependency */,
			);
			name = testappUITests;
			productName = testappUITests;
			productReference = FD76FBD91F981188006725FC /* testappUITests.xctest */;
			productType = "com.apple.product-type.bundle.ui-testing";
		};
/* End PBXNativeTarget section */

/* Begin PBXProject section */
		FD76FBB21F981187006725FC /* Project object */ = {
			isa = PBXProject;
			attributes = {
				LastSwiftUpdateCheck = 0900;
				LastUpgradeCheck = 0900;
				ORGANIZATIONNAME = "Melvin Lai";
				TargetAttributes = {
					FD76FBB91F981187006725FC = {
						CreatedOnToolsVersion = 9.0.1;
						ProvisioningStyle = Automatic;
					};
					FD76FBCD1F981188006725FC = {
						CreatedOnToolsVersion = 9.0.1;
						ProvisioningStyle = Automatic;
						TestTargetID = FD76FBB91F981187006725FC;
					};
					FD76FBD81F981188006725FC = {
						CreatedOnToolsVersion = 9.0.1;
						ProvisioningStyle = Automatic;
						TestTargetID = FD76FBB91F981187006725FC;
					};
				};
			};
			buildConfigurationList = FD76FBB51F981187006725FC /* Build configuration list for PBXProject "testapp" */;
			compatibilityVersion = "Xcode 8.0";
			developmentRegion = en;
			hasScannedForEncodings = 0;
			knownRegions = (
				en,
				Base,
			);
			mainGroup = FD76FBB11F981187006725FC;
			productRefGroup = FD76FBBB1F981187006725FC /* Products */;
			projectDirPath = "";
			projectRoot = "";
			targets = (
				FD76FBB91F981187006725FC /* testapp */,
				FD76FBCD1F981188006725FC /* testappTests */,
				FD76FBD81F981188006725FC /* testappUITests */,
			);
		};
/* End PBXProject section */

/* Begin PBXResourcesBuildPhase section */
		FD76FBB81F981187006725FC /* Resources */ = {
			isa = PBXResourcesBuildPhase;
			buildActionMask = 2147483647;
			files = (
				FD76FBC81F981188006725FC /* LaunchScreen.storyboard in Resources */,
				FD76FBC51F981188006725FC /* Assets.xcassets in Resources */,
				FD76FBC31F981188006725FC /* Main.storyboard in Resources */,
			);
			runOnlyForDeploymentPostprocessing = 0;
		};
		FD76FBCC1F981188006725FC /* Resources */ = {
			isa = PBXResourcesBuildPhase;
			buildActionMask = 2147483647;
			files = (
			);
			runOnlyForDeploymentPostprocessing = 0;
		};
		FD76FBD71F981188006725FC /* Resources */ = {
			isa = PBXResourcesBuildPhase;
			buildActionMask = 2147483647;
			files = (
			);
			runOnlyForDeploymentPostprocessing = 0;
		};
/* End PBXResourcesBuildPhase section */

/* Begin PBXSourcesBuildPhase section */
		FD76FBB61F981187006725FC /* Sources */ = {
			isa = PBXSourcesBuildPhase;
			buildActionMask = 2147483647;
			files = (
				FD76FBC01F981187006725FC /* ViewController.swift in Sources */,
				FD76FBBE1F981187006725FC /* AppDelegate.swift in Sources */,
			);
			runOnlyForDeploymentPostprocessing = 0;
		};
		FD76FBCA1F981188006725FC /* Sources */ = {
			isa = PBXSourcesBuildPhase;
			buildActionMask = 2147483647;
			files = (
				FD76FBD31F981188006725FC /* testappTests.swift in Sources */,
			);
			runOnlyForDeploymentPostprocessing = 0;
		};
		FD76FBD51F981188006725FC /* Sources */ = {
			isa = PBXSourcesBuildPhase;
			buildActionMask = 2147483647;
			files = (
				FD76FBDE1F981188006725FC /* testappUITests.swift in Sources */,
			);
			runOnlyForDeploymentPostprocessing = 0;
		};
/* End PBXSourcesBuildPhase section */

/* Begin PBXTargetDependency section */
		FD76FBD01F981188006725FC /* PBXTargetDependency */ = {
			isa = PBXTargetDependency;
			target = FD76FBB91F981187006725FC /* testapp */;
			targetProxy = FD76FBCF1F981188006725FC /* PBXContainerItemProxy */;
		};
		FD76FBDB1F981188006725FC /* PBXTargetDependency */ = {
			isa = PBXTargetDependency;
			target = FD76FBB91F981187006725FC /* testapp */;
			targetProxy = FD76FBDA1F981188006725FC /* PBXContainerItemProxy */;
		};
/* End PBXTargetDependency section */

/* Begin PBXVariantGroup section */
		FD76FBC11F981188006725FC /* Main.storyboard */ = {
			isa = PBXVariantGroup;
			children = (
				FD76FBC21F981188006725FC /* Base */,
			);
			name = Main.storyboard;
			sourceTree = "<group>";
		};
		FD76FBC61F981188006725FC /* LaunchScreen.storyboard */ = {
			isa = PBXVariantGroup;
			children = (
				FD76FBC71F981188006725FC /* Base */,
			);
			name = LaunchScreen.storyboard;
			sourceTree = "<group>";
		};
/* End PBXVariantGroup section */

/* Begin XCBuildConfiguration section */
		FD76FBE01F981188006725FC /* Debug */ = {
			isa = XCBuildConfiguration;
			buildSettings = {
				ALWAYS_SEARCH_USER_PATHS = NO;
				CLANG_ANALYZER_NONNULL = YES;
				CLANG_ANALYZER_NUMBER_OBJECT_CONVERSION = YES_AGGRESSIVE;
				CLANG_CXX_LANGUAGE_STANDARD = "gnu++14";
				CLANG_CXX_LIBRARY = "libc++";
				CLANG_ENABLE_MODULES = YES;
				CLANG_ENABLE_OBJC_ARC = YES;
				CLANG_WARN_BLOCK_CAPTURE_AUTORELEASING = YES;
				CLANG_WARN_BOOL_CONVERSION = YES;
				CLANG_WARN_COMMA = YES;
				CLANG_WARN_CONSTANT_CONVERSION = YES;
				CLANG_WARN_DIRECT_OBJC_ISA_USAGE = YES_ERROR;
				CLANG_WARN_DOCUMENTATION_COMMENTS = YES;
				CLANG_WARN_EMPTY_BODY = YES;
				CLANG_WARN_ENUM_CONVERSION = YES;
				CLANG_WARN_INFINITE_RECURSION = YES;
				CLANG_WARN_INT_CONVERSION = YES;
				CLANG_WARN_NON_LITERAL_NULL_CONVERSION = YES;
				CLANG_WARN_OBJC_LITERAL_CONVERSION = YES;
				CLANG_WARN_OBJC_ROOT_CLASS = YES_ERROR;
				CLANG_WARN_RANGE_LOOP_ANALYSIS = YES;
				CLANG_WARN_STRICT_PROTOTYPES = YES;
				CLANG_WARN_SUSPICIOUS_MOVE = YES;
				CLANG_WARN_UNGUARDED_AVAILABILITY = YES_AGGRESSIVE;
				CLANG_WARN_UNREACHABLE_CODE = YES;
				CLANG_WARN__DUPLICATE_METHOD_MATCH = YES;
				CODE_SIGN_IDENTITY = "iPhone Developer";
				COPY_PHASE_STRIP = NO;
				DEBUG_INFORMATION_FORMAT = dwarf;
				ENABLE_STRICT_OBJC_MSGSEND = YES;
				ENABLE_TESTABILITY = YES;
				GCC_C_LANGUAGE_STANDARD = gnu11;
				GCC_DYNAMIC_NO_PIC = NO;
				GCC_NO_COMMON_BLOCKS = YES;
				GCC_OPTIMIZATION_LEVEL = 0;
				GCC_PREPROCESSOR_DEFINITIONS = (
					"DEBUG=1",
					"$(inherited)",
				);
				GCC_WARN_64_TO_32_BIT_CONVERSION = YES;
				GCC_WARN_ABOUT_RETURN_TYPE = YES_ERROR;
				GCC_WARN_UNDECLARED_SELECTOR = YES;
				GCC_WARN_UNINITIALIZED_AUTOS = YES_AGGRESSIVE;
				GCC_WARN_UNUSED_FUNCTION = YES;
				GCC_WARN_UNUSED_VARIABLE = YES;
				IPHONEOS_DEPLOYMENT_TARGET = 11.0;
				MTL_ENABLE_DEBUG_INFO = YES;
				ONLY_ACTIVE_ARCH = YES;
				SDKROOT = iphoneos;
				SWIFT_ACTIVE_COMPILATION_CONDITIONS = DEBUG;
				SWIFT_OPTIMIZATION_LEVEL = "-Onone";
			};
			name = Debug;
		};
		FD76FBE11F981188006725FC /* Release */ = {
			isa = XCBuildConfiguration;
			buildSettings = {
				ALWAYS_SEARCH_USER_PATHS = NO;
				CLANG_ANALYZER_NONNULL = YES;
				CLANG_ANALYZER_NUMBER_OBJECT_CONVERSION = YES_AGGRESSIVE;
				CLANG_CXX_LANGUAGE_STANDARD = "gnu++14";
				CLANG_CXX_LIBRARY = "libc++";
				CLANG_ENABLE_MODULES = YES;
				CLANG_ENABLE_OBJC_ARC = YES;
				CLANG_WARN_BLOCK_CAPTURE_AUTORELEASING = YES;
				CLANG_WARN_BOOL_CONVERSION = YES;
				CLANG_WARN_COMMA = YES;
				CLANG_WARN_CONSTANT_CONVERSION = YES;
				CLANG_WARN_DIRECT_OBJC_ISA_USAGE = YES_ERROR;
				CLANG_WARN_DOCUMENTATION_COMMENTS = YES;
				CLANG_WARN_EMPTY_BODY = YES;
				CLANG_WARN_ENUM_CONVERSION = YES;
				CLANG_WARN_INFINITE_RECURSION = YES;
				CLANG_WARN_INT_CONVERSION = YES;
				CLANG_WARN_NON_LITERAL_NULL_CONVERSION = YES;
				CLANG_WARN_OBJC_LITERAL_CONVERSION = YES;
				CLANG_WARN_OBJC_ROOT_CLASS = YES_ERROR;
				CLANG_WARN_RANGE_LOOP_ANALYSIS = YES;
				CLANG_WARN_STRICT_PROTOTYPES = YES;
				CLANG_WARN_SUSPICIOUS_MOVE = YES;
				CLANG_WARN_UNGUARDED_AVAILABILITY = YES_AGGRESSIVE;
				CLANG_WARN_UNREACHABLE_CODE = YES;
				CLANG_WARN__DUPLICATE_METHOD_MATCH = YES;
				CODE_SIGN_IDENTITY = "iPhone Developer";
				COPY_PHASE_STRIP = NO;
				DEBUG_INFORMATION_FORMAT = "dwarf-with-dsym";
				ENABLE_NS_ASSERTIONS = NO;
				ENABLE_STRICT_OBJC_MSGSEND = YES;
				GCC_C_LANGUAGE_STANDARD = gnu11;
				GCC_NO_COMMON_BLOCKS = YES;
				GCC_WARN_64_TO_32_BIT_CONVERSION = YES;
				GCC_WARN_ABOUT_RETURN_TYPE = YES_ERROR;
				GCC_WARN_UNDECLARED_SELECTOR = YES;
				GCC_WARN_UNINITIALIZED_AUTOS = YES_AGGRESSIVE;
				GCC_WARN_UNUSED_FUNCTION = YES;
				GCC_WARN_UNUSED_VARIABLE = YES;
				IPHONEOS_DEPLOYMENT_TARGET = 11.0;
				MTL_ENABLE_DEBUG_INFO = NO;
				SDKROOT = iphoneos;
				SWIFT_OPTIMIZATION_LEVEL = "-Owholemodule";
				VALIDATE_PRODUCT = YES;
			};
			name = Release;
		};
		FD76FBE31F981188006725FC /* Debug */ = {
			isa = XCBuildConfiguration;
			buildSettings = {
				ASSETCATALOG_COMPILER_APPICON_NAME = AppIcon;
				CODE_SIGN_STYLE = Automatic;
				INFOPLIST_FILE = testapp/Info.plist;
				LD_RUNPATH_SEARCH_PATHS = "$(inherited) @executable_path/Frameworks";
				PRODUCT_BUNDLE_IDENTIFIER = com.geekster129.testapp;
				PRODUCT_NAME = "$(TARGET_NAME)";
				SWIFT_VERSION = 4.0;
				TARGETED_DEVICE_FAMILY = "1,2";
			};
			name = Debug;
		};
		FD76FBE41F981188006725FC /* Release */ = {
			isa = XCBuildConfiguration;
			buildSettings = {
				ASSETCATALOG_COMPILER_APPICON_NAME = AppIcon;
				CODE_SIGN_STYLE = Automatic;
				INFOPLIST_FILE = testapp/Info.plist;
				LD_RUNPATH_SEARCH_PATHS = "$(inherited) @executable_path/Frameworks";
				PRODUCT_BUNDLE_IDENTIFIER = com.geekster129.testapp;
				PRODUCT_NAME = "$(TARGET_NAME)";
				SWIFT_VERSION = 4.0;
				TARGETED_DEVICE_FAMILY = "1,2";
			};
			name = Release;
		};
		FD76FBE61F981188006725FC /* Debug */ = {
			isa = XCBuildConfiguration;
			buildSettings = {
				ALWAYS_EMBED_SWIFT_STANDARD_LIBRARIES = YES;
				BUNDLE_LOADER = "$(TEST_HOST)";
				CODE_SIGN_STYLE = Automatic;
				INFOPLIST_FILE = testappTests/Info.plist;
				LD_RUNPATH_SEARCH_PATHS = "$(inherited) @executable_path/Frameworks @loader_path/Frameworks";
				PRODUCT_BUNDLE_IDENTIFIER = com.geekster129.testappTests;
				PRODUCT_NAME = "$(TARGET_NAME)";
				SWIFT_VERSION = 4.0;
				TARGETED_DEVICE_FAMILY = "1,2";
				TEST_HOST = "$(BUILT_PRODUCTS_DIR)/testapp.app/testapp";
			};
			name = Debug;
		};
		FD76FBE71F981188006725FC /* Release */ = {
			isa = XCBuildConfiguration;
			buildSettings = {
				ALWAYS_EMBED_SWIFT_STANDARD_LIBRARIES = YES;
				BUNDLE_LOADER = "$(TEST_HOST)";
				CODE_SIGN_STYLE = Automatic;
				INFOPLIST_FILE = testappTests/Info.plist;
				LD_RUNPATH_SEARCH_PATHS = "$(inherited) @executable_path/Frameworks @loader_path/Frameworks";
				PRODUCT_BUNDLE_IDENTIFIER = com.geekster129.testappTests;
				PRODUCT_NAME = "$(TARGET_NAME)";
				SWIFT_VERSION = 4.0;
				TARGETED_DEVICE_FAMILY = "1,2";
				TEST_HOST = "$(BUILT_PRODUCTS_DIR)/testapp.app/testapp";
			};
			name = Release;
		};
		FD76FBE91F981188006725FC /* Debug */ = {
			isa = XCBuildConfiguration;
			buildSettings = {
				ALWAYS_EMBED_SWIFT_STANDARD_LIBRARIES = YES;
				CODE_SIGN_STYLE = Automatic;
				INFOPLIST_FILE = testappUITests/Info.plist;
				LD_RUNPATH_SEARCH_PATHS = "$(inherited) @executable_path/Frameworks @loader_path/Frameworks";
				PRODUCT_BUNDLE_IDENTIFIER = com.geekster129.testappUITests;
				PRODUCT_NAME = "$(TARGET_NAME)";
				SWIFT_VERSION = 4.0;
				TARGETED_DEVICE_FAMILY = "1,2";
				TEST_TARGET_NAME = testapp;
			};
			name = Debug;
		};
		FD76FBEA1F981188006725FC /* Release */ = {
			isa = XCBuildConfiguration;
			buildSettings = {
				ALWAYS_EMBED_SWIFT_STANDARD_LIBRARIES = YES;
				CODE_SIGN_STYLE = Automatic;
				INFOPLIST_FILE = testappUITests/Info.plist;
				LD_RUNPATH_SEARCH_PATHS = "$(inherited) @executable_path/Frameworks @loader_path/Frameworks";
				PRODUCT_BUNDLE_IDENTIFIER = com.geekster129.testappUITests;
				PRODUCT_NAME = "$(TARGET_NAME)";
				SWIFT_VERSION = 4.0;
				TARGETED_DEVICE_FAMILY = "1,2";
				TEST_TARGET_NAME = testapp;
			};
			name = Release;
		};
/* End XCBuildConfiguration section */

/* Begin XCConfigurationList section */
		FD76FBB51F981187006725FC /* Build configuration list for PBXProject "testapp" */ = {
			isa = XCConfigurationList;
			buildConfigurations = (
				FD76FBE01F981188006725FC /* Debug */,
				FD76FBE11F981188006725FC /* Release */,
			);
			defaultConfigurationIsVisible = 0;
			defaultConfigurationName = Release;
		};
		FD76FBE21F981188006725FC /* Build configuration list for PBXNativeTarget "testapp" */ = {
			isa = XCConfigurationList;
			buildConfigurations = (
				FD76FBE31F981188006725FC /* Debug */,
				FD76FBE41F981188006725FC /* Release */,
			);
			defaultConfigurationIsVisible = 0;
			defaultConfigurationName = Release;
		};
		FD76FBE51F981188006725FC /* Build configuration list for PBXNativeTarget "testappTests" */ = {
			isa = XCConfigurationList;
			buildConfigurations = (
				FD76FBE61F981188006725FC /* Debug */,
				FD76FBE71F981188006725FC /* Release */,
			);
			defaultConfigurationIsVisible = 0;
			defaultConfigurationName = Release;
		};
		FD76FBE81F981188006725FC /* Build configuration list for PBXNativeTarget "testappUITests" */ = {
			isa = XCConfigurationList;
			buildConfigurations = (
				FD76FBE91F981188006725FC /* Debug */,
				FD76FBEA1F981188006725FC /* Release */,
			);
			defaultConfigurationIsVisible = 0;
			defaultConfigurationName = Release;
		};
/* End XCConfigurationList section */
	};
	rootObject = FD76FBB21F981187006725FC /* Project object */;
}
